
Microsoft Visual Studio Solution File, Format Version 12.00
# Visual Studio Version 17
VisualStudioVersion = 17.0.32014.148
MinimumVisualStudioVersion = 10.0.40219.1
Project("{FAE04EC0-301F-11D3-BF4B-00C04F79EFBC}") = "MessageServer", "MessageServer.csproj", "{612A5B47-55B0-4AFB-981A-F591A3D98012}"
EndProject
Project("{E53339B2-1760-4266-BCC7-CA923CBCF16C}") = "docker-compose", "docker-compose.dcproj", "{C9A33E10-1CDB-45CE-8AB4-AC99D68DBECD}"
EndProject
Global
	GlobalSection(SolutionConfigurationPlatforms) = preSolution
		Debug|Any CPU = Debug|Any CPU
		Release|Any CPU = Release|Any CPU
	EndGlobalSection
	GlobalSection(ProjectConfigurationPlatforms) = postSolution
		{612A5B47-55B0-4AFB-981A-F591A3D98012}.Debug|Any CPU.ActiveCfg = Debug|Any CPU
		{612A5B47-55B0-4AFB-981A-F591A3D98012}.Debug|Any CPU.Build.0 = Debug|Any CPU
		{612A5B47-55B0-4AFB-981A-F591A3D98012}.Release|Any CPU.ActiveCfg = Release|Any CPU
		{612A5B47-55B0-4AFB-981A-F591A3D98012}.Release|Any CPU.Build.0 = Release|Any CPU
		{C9A33E10-1CDB-45CE-8AB4-AC99D68DBECD}.Debug|Any CPU.ActiveCfg = Debug|Any CPU
		{C9A33E10-1CDB-45CE-8AB4-AC99D68DBECD}.Debug|Any CPU.Build.0 = Debug|Any CPU
		{C9A33E10-1CDB-45CE-8AB4-AC99D68DBECD}.Release|Any CPU.ActiveCfg = Release|Any CPU
		{C9A33E10-1CDB-45CE-8AB4-AC99D68DBECD}.Release|Any CPU.Build.0 = Release|Any CPU
	EndGlobalSection
	GlobalSection(SolutionProperties) = preSolution
		HideSolutionNode = FALSE
	EndGlobalSection
	GlobalSection(ExtensibilityGlobals) = postSolution
		SolutionGuid = {C994904A-3427-49C1-BD0E-199544C5686C}
	EndGlobalSection
EndGlobal
